
Microsoft Visual Studio Solution File, Format Version 12.00
# Visual Studio Version 17
VisualStudioVersion = 17.7.34009.444
MinimumVisualStudioVersion = 10.0.40219.1
Project("{FAE04EC0-301F-11D3-BF4B-00C04F79EFBC}") = "Calculator", "Calculator\Calculator.csproj", "{F6CEA5C6-64FE-4578-8900-80ECF23EBD60}"
EndProject
Global
	GlobalSection(SolutionConfigurationPlatforms) = preSolution
		Debug|Any CPU = Debug|Any CPU
		Release|Any CPU = Release|Any CPU
	EndGlobalSection
	GlobalSection(ProjectConfigurationPlatforms) = postSolution
		{F6CEA5C6-64FE-4578-8900-80ECF23EBD60}.Debug|Any CPU.ActiveCfg = Debug|Any CPU
		{F6CEA5C6-64FE-4578-8900-80ECF23EBD60}.Debug|Any CPU.Build.0 = Debug|Any CPU
		{F6CEA5C6-64FE-4578-8900-80ECF23EBD60}.Release|Any CPU.ActiveCfg = Release|Any CPU
		{F6CEA5C6-64FE-4578-8900-80ECF23EBD60}.Release|Any CPU.Build.0 = Release|Any CPU
	EndGlobalSection
	GlobalSection(SolutionProperties) = preSolution
		HideSolutionNode = FALSE
	EndGlobalSection
	GlobalSection(ExtensibilityGlobals) = postSolution
		SolutionGuid = {2317CBA0-36AA-43B2-8992-BAC4A874DF84}
	EndGlobalSection
EndGlobal
